
Microsoft Visual Studio Solution File, Format Version 12.00
# Visual Studio Version 17
VisualStudioVersion = 17.12.35527.113 d17.12
MinimumVisualStudioVersion = 10.0.40219.1
Project("{FAE04EC0-301F-11D3-BF4B-00C04F79EFBC}") = "Identity", "Identity\Identity.csproj", "{DC7B8B07-4891-4B37-9CD8-750C6C053724}"
EndProject
Project("{FAE04EC0-301F-11D3-BF4B-00C04F79EFBC}") = "WebAPI.Dominio", "WebAPI.Dominio\WebAPI.Dominio.csproj", "{03452543-7A11-4840-A6DC-838E9628E84B}"
EndProject
Project("{FAE04EC0-301F-11D3-BF4B-00C04F79EFBC}") = "WebAPI.Repositorio", "WebAPI.Repositorio\WebAPI.Repositorio.csproj", "{529F2969-BB46-47F6-A3EF-ACB4132E49F5}"
EndProject
Global
	GlobalSection(SolutionConfigurationPlatforms) = preSolution
		Debug|Any CPU = Debug|Any CPU
		Release|Any CPU = Release|Any CPU
	EndGlobalSection
	GlobalSection(ProjectConfigurationPlatforms) = postSolution
		{DC7B8B07-4891-4B37-9CD8-750C6C053724}.Debug|Any CPU.ActiveCfg = Debug|Any CPU
		{DC7B8B07-4891-4B37-9CD8-750C6C053724}.Debug|Any CPU.Build.0 = Debug|Any CPU
		{DC7B8B07-4891-4B37-9CD8-750C6C053724}.Release|Any CPU.ActiveCfg = Release|Any CPU
		{DC7B8B07-4891-4B37-9CD8-750C6C053724}.Release|Any CPU.Build.0 = Release|Any CPU
		{03452543-7A11-4840-A6DC-838E9628E84B}.Debug|Any CPU.ActiveCfg = Debug|Any CPU
		{03452543-7A11-4840-A6DC-838E9628E84B}.Debug|Any CPU.Build.0 = Debug|Any CPU
		{03452543-7A11-4840-A6DC-838E9628E84B}.Release|Any CPU.ActiveCfg = Release|Any CPU
		{03452543-7A11-4840-A6DC-838E9628E84B}.Release|Any CPU.Build.0 = Release|Any CPU
		{529F2969-BB46-47F6-A3EF-ACB4132E49F5}.Debug|Any CPU.ActiveCfg = Debug|Any CPU
		{529F2969-BB46-47F6-A3EF-ACB4132E49F5}.Debug|Any CPU.Build.0 = Debug|Any CPU
		{529F2969-BB46-47F6-A3EF-ACB4132E49F5}.Release|Any CPU.ActiveCfg = Release|Any CPU
		{529F2969-BB46-47F6-A3EF-ACB4132E49F5}.Release|Any CPU.Build.0 = Release|Any CPU
	EndGlobalSection
	GlobalSection(SolutionProperties) = preSolution
		HideSolutionNode = FALSE
	EndGlobalSection
EndGlobal
